// !$*UTF8*$!
{
	archiveVersion = 1;
	classes = {
	};
	objectVersion = 52;
	objects = {

/* Begin PBXBuildFile section */
		447A265B2600305100C533BC /* GameScene.sks in Resources */ = {isa = PBXBuildFile; fileRef = 447A265A2600305100C533BC /* GameScene.sks */; };
		5E086DCA2051DDAE004D8D25 /* LiveView.storyboard in Resources */ = {isa = PBXBuildFile; fileRef = 5E086DCC2051DDAE004D8D25 /* LiveView.storyboard */; };
		5E086DD32051E3A3004D8D25 /* Manifest.plist in Copy Book Contents */ = {isa = PBXBuildFile; fileRef = 5E086DCF2051DF0F004D8D25 /* Manifest.plist */; };
		5E3196F32061DEA40077BBD7 /* LiveViewSupport.swift in Sources */ = {isa = PBXBuildFile; fileRef = 5E3196F22061DEA40077BBD7 /* LiveViewSupport.swift */; };
		5E551EC52371FC3F00784365 /* Assets.xcassets in Resources */ = {isa = PBXBuildFile; fileRef = 5E551EC42371FC3F00784365 /* Assets.xcassets */; };
		5E6F7E6C2368FC01008CC191 /* BookAPI.swift in Sources */ = {isa = PBXBuildFile; fileRef = 5E6F7E5C2367B64A008CC191 /* BookAPI.swift */; };
		5E70679F23678DC30094BDEF /* Modules in Copy Book Contents */ = {isa = PBXBuildFile; fileRef = 5E70679E23678DC00094BDEF /* Modules */; };
		5EA2E3C02056F35A00416A35 /* AppDelegate.swift in Sources */ = {isa = PBXBuildFile; fileRef = 5EA2E3BF2056F35A00416A35 /* AppDelegate.swift */; };
		5EA2E3CA2056F35B00416A35 /* LiveViewTestAppLaunchScreen.storyboard in Resources */ = {isa = PBXBuildFile; fileRef = 5EA2E3C82056F35B00416A35 /* LiveViewTestAppLaunchScreen.storyboard */; };
		5EA2E3D42056F36800416A35 /* libBookCore.a in Frameworks */ = {isa = PBXBuildFile; fileRef = 5EF2F9AB2054BBF300191409 /* libBookCore.a */; };
		5EA2E3DA2056F8D100416A35 /* PlaygroundBluetooth.framework in Embed Frameworks */ = {isa = PBXBuildFile; fileRef = 5EA2E3D82056F88700416A35 /* PlaygroundBluetooth.framework */; settings = {ATTRIBUTES = (CodeSignOnCopy, RemoveHeadersOnCopy, ); }; };
		5EA2E3DB2056F8D100416A35 /* PlaygroundSupport.framework in Embed Frameworks */ = {isa = PBXBuildFile; fileRef = 5EA2E3D72056F88700416A35 /* PlaygroundSupport.framework */; settings = {ATTRIBUTES = (CodeSignOnCopy, RemoveHeadersOnCopy, ); }; };
		5EBEC2F0205B399300975D3F /* LiveViewHost.framework in Embed Frameworks */ = {isa = PBXBuildFile; fileRef = 5EBEC2EF205B396500975D3F /* LiveViewHost.framework */; settings = {ATTRIBUTES = (CodeSignOnCopy, RemoveHeadersOnCopy, ); }; };
		5EF2F97C2054B6E400191409 /* ManifestPlist.strings in Resources */ = {isa = PBXBuildFile; fileRef = 5EF2F97E2054B6E400191409 /* ManifestPlist.strings */; };
		5EF2F9AE2054BBF300191409 /* LiveViewController.swift in Sources */ = {isa = PBXBuildFile; fileRef = 5EF2F9AD2054BBF300191409 /* LiveViewController.swift */; };
		5EF2F9B72054E6FB00191409 /* Chapters in Copy Book Contents */ = {isa = PBXBuildFile; fileRef = 5EF2F9B62054E6F900191409 /* Chapters */; };
		AF22C6C4262A3DBD00FC6E9F /* Click Off.mp3 in Resources */ = {isa = PBXBuildFile; fileRef = AF22C6C0262A3DBD00FC6E9F /* Click Off.mp3 */; };
		AF22C6C5262A3DBD00FC6E9F /* Click On.mp3 in Resources */ = {isa = PBXBuildFile; fileRef = AF22C6C1262A3DBD00FC6E9F /* Click On.mp3 */; };
		AF22C6C6262A3DBD00FC6E9F /* Next Level.mp3 in Resources */ = {isa = PBXBuildFile; fileRef = AF22C6C2262A3DBD00FC6E9F /* Next Level.mp3 */; };
		AF22C6C7262A3DBD00FC6E9F /* Encaixe.mp3 in Resources */ = {isa = PBXBuildFile; fileRef = AF22C6C3262A3DBD00FC6E9F /* Encaixe.mp3 */; };
		AF6A99A1261F85DC00B78195 /* Energia.sks in Resources */ = {isa = PBXBuildFile; fileRef = AF6A99A0261F85DC00B78195 /* Energia.sks */; };
		AF6AAD1F262896D500EF0DBC /* GameScene.swift in Sources */ = {isa = PBXBuildFile; fileRef = AF6AAD1E262896D500EF0DBC /* GameScene.swift */; };
		AF6AAD2B2628B65E00EF0DBC /* EndGameScene.swift in Sources */ = {isa = PBXBuildFile; fileRef = AF6AAD2A2628B65E00EF0DBC /* EndGameScene.swift */; };
		AF6AADC12629137F00EF0DBC /* EndGameScene.sks in Resources */ = {isa = PBXBuildFile; fileRef = AF6AADC02629137F00EF0DBC /* EndGameScene.sks */; };
		AF88A0D0261E8BCA00296772 /* NotGate.swift in Sources */ = {isa = PBXBuildFile; fileRef = AF88A0CF261E8BCA00296772 /* NotGate.swift */; };
		AF88A0D5261E8C2600296772 /* EmotionalState.swift in Sources */ = {isa = PBXBuildFile; fileRef = AF88A0D4261E8C2600296772 /* EmotionalState.swift */; };
		AF88A0DA261E8E4E00296772 /* Gate.swift in Sources */ = {isa = PBXBuildFile; fileRef = AF88A0D9261E8E4E00296772 /* Gate.swift */; };
		AF88A0E5261E920F00296772 /* OrGate.swift in Sources */ = {isa = PBXBuildFile; fileRef = AF88A0DF261E920F00296772 /* OrGate.swift */; };
		AF88A0E6261E920F00296772 /* NorGate.swift in Sources */ = {isa = PBXBuildFile; fileRef = AF88A0E0261E920F00296772 /* NorGate.swift */; };
		AF88A0E7261E920F00296772 /* NandGate.swift in Sources */ = {isa = PBXBuildFile; fileRef = AF88A0E1261E920F00296772 /* NandGate.swift */; };
		AF88A0E8261E920F00296772 /* AndGate.swift in Sources */ = {isa = PBXBuildFile; fileRef = AF88A0E2261E920F00296772 /* AndGate.swift */; };
		AF88A0E9261E920F00296772 /* XnorGate.swift in Sources */ = {isa = PBXBuildFile; fileRef = AF88A0E3261E920F00296772 /* XnorGate.swift */; };
		AF88A0EA261E920F00296772 /* XorGate.swift in Sources */ = {isa = PBXBuildFile; fileRef = AF88A0E4261E920F00296772 /* XorGate.swift */; };
		AF88A0EF261E9B1000296772 /* EnergySwitch.swift in Sources */ = {isa = PBXBuildFile; fileRef = AF88A0EE261E9B1000296772 /* EnergySwitch.swift */; };
		AF88A0F4261E9B8800296772 /* EnergyState.swift in Sources */ = {isa = PBXBuildFile; fileRef = AF88A0F3261E9B8800296772 /* EnergyState.swift */; };
		AF8E551B2624DFF200D6E545 /* NotGameScene.swift in Sources */ = {isa = PBXBuildFile; fileRef = AF8E551A2624DFF200D6E545 /* NotGameScene.swift */; };
		AF8E552F2624E17300D6E545 /* OrGameScene.swift in Sources */ = {isa = PBXBuildFile; fileRef = AF8E552E2624E17300D6E545 /* OrGameScene.swift */; };
		AF8E55372625294100D6E545 /* AndNotGameScene.swift in Sources */ = {isa = PBXBuildFile; fileRef = AF8E55362625294100D6E545 /* AndNotGameScene.swift */; };
		AF92F0632626196B00276E6D /* NandGameScene.swift in Sources */ = {isa = PBXBuildFile; fileRef = AF92F0622626196B00276E6D /* NandGameScene.swift */; };
		AF92F068262623D300276E6D /* OrNotGameScene.swift in Sources */ = {isa = PBXBuildFile; fileRef = AF92F067262623D300276E6D /* OrNotGameScene.swift */; };
		AF988E6A2620F3B800A3278F /* AndGameScene.swift in Sources */ = {isa = PBXBuildFile; fileRef = AF988E692620F3B800A3278F /* AndGameScene.swift */; };
		AFB9437A262756620058D62E /* NorGameScene.swift in Sources */ = {isa = PBXBuildFile; fileRef = AFB94379262756620058D62E /* NorGameScene.swift */; };
		AFB9437F26276A050058D62E /* XorGameScene.swift in Sources */ = {isa = PBXBuildFile; fileRef = AFB9437E26276A050058D62E /* XorGameScene.swift */; };
		AFB9438426276EA50058D62E /* XnorGameScene.swift in Sources */ = {isa = PBXBuildFile; fileRef = AFB9438326276EA50058D62E /* XnorGameScene.swift */; };
		AFB9438926276FAE0058D62E /* XorNotGameScene.swift in Sources */ = {isa = PBXBuildFile; fileRef = AFB9438826276FAE0058D62E /* XorNotGameScene.swift */; };
		AFB9438E2627CE520058D62E /* Celebration Gates.sks in Resources */ = {isa = PBXBuildFile; fileRef = AFB9438D2627CE520058D62E /* Celebration Gates.sks */; };
/* End PBXBuildFile section */

/* Begin PBXBuildRule section */
		5E086DD42051E415004D8D25 /* PBXBuildRule */ = {
			isa = PBXBuildRule;
			compilerSpec = com.apple.compilers.proxy.script;
			filePatterns = "*/Manifest.plist";
			fileType = pattern.proxy;
			inputFiles = (
			);
			isEditable = 1;
			outputFiles = (
				"$(DERIVED_FILE_DIR)/$(INPUT_FILE_NAME)",
			);
			script = "mkdir -p \"${DERIVED_FILE_DIR}\"\n\n\"${PROJECT_DIR}\"/SupportingContent/Tools/expandBuildSettingReferences --output \"${SCRIPT_OUTPUT_FILE_0}\" --use-environment \"${SCRIPT_INPUT_FILE}\"\n";
		};
/* End PBXBuildRule section */

/* Begin PBXContainerItemProxy section */
		5E6F7E682368FB79008CC191 /* PBXContainerItemProxy */ = {
			isa = PBXContainerItemProxy;
			containerPortal = 5E2A7ADD204F611300F4E17A /* Project object */;
			proxyType = 1;
			remoteGlobalIDString = 5EF2F9AA2054BBF300191409;
			remoteInfo = BookCore;
		};
		5E6F7E6A2368FB7D008CC191 /* PBXContainerItemProxy */ = {
			isa = PBXContainerItemProxy;
			containerPortal = 5E2A7ADD204F611300F4E17A /* Project object */;
			proxyType = 1;
			remoteGlobalIDString = 5E6F7E602368FB6A008CC191;
			remoteInfo = BookAPI;
		};
		5E6F7E6E2368FD7C008CC191 /* PBXContainerItemProxy */ = {
			isa = PBXContainerItemProxy;
			containerPortal = 5E2A7ADD204F611300F4E17A /* Project object */;
			proxyType = 1;
			remoteGlobalIDString = 5E6F7E602368FB6A008CC191;
			remoteInfo = BookAPI;
		};
		5EA2E3CF2056F36100416A35 /* PBXContainerItemProxy */ = {
			isa = PBXContainerItemProxy;
			containerPortal = 5E2A7ADD204F611300F4E17A /* Project object */;
			proxyType = 1;
			remoteGlobalIDString = 5E086DBF2051C5A7004D8D25;
			remoteInfo = PlaygroundBook;
		};
		5EA2E3D12056F36300416A35 /* PBXContainerItemProxy */ = {
			isa = PBXContainerItemProxy;
			containerPortal = 5E2A7ADD204F611300F4E17A /* Project object */;
			proxyType = 1;
			remoteGlobalIDString = 5EF2F9AA2054BBF300191409;
			remoteInfo = Book_Sources;
		};
		5EF2F9B42054BDD100191409 /* PBXContainerItemProxy */ = {
			isa = PBXContainerItemProxy;
			containerPortal = 5E2A7ADD204F611300F4E17A /* Project object */;
			proxyType = 1;
			remoteGlobalIDString = 5EF2F9AA2054BBF300191409;
			remoteInfo = Book_Sources;
		};
/* End PBXContainerItemProxy section */

/* Begin PBXCopyFilesBuildPhase section */
		5E086DD22051E35D004D8D25 /* Copy Book Contents */ = {
			isa = PBXCopyFilesBuildPhase;
			buildActionMask = 2147483647;
			dstPath = "$(CONTENTS_FOLDER_PATH)";
			dstSubfolderSpec = 16;
			files = (
				5E086DD32051E3A3004D8D25 /* Manifest.plist in Copy Book Contents */,
				5EF2F9B72054E6FB00191409 /* Chapters in Copy Book Contents */,
				5E70679F23678DC30094BDEF /* Modules in Copy Book Contents */,
			);
			name = "Copy Book Contents";
			runOnlyForDeploymentPostprocessing = 0;
		};
		5EA2E3D92056F8BD00416A35 /* Embed Frameworks */ = {
			isa = PBXCopyFilesBuildPhase;
			buildActionMask = 2147483647;
			dstPath = "";
			dstSubfolderSpec = 10;
			files = (
				5EBEC2F0205B399300975D3F /* LiveViewHost.framework in Embed Frameworks */,
				5EA2E3DA2056F8D100416A35 /* PlaygroundBluetooth.framework in Embed Frameworks */,
				5EA2E3DB2056F8D100416A35 /* PlaygroundSupport.framework in Embed Frameworks */,
			);
			name = "Embed Frameworks";
			runOnlyForDeploymentPostprocessing = 0;
		};
/* End PBXCopyFilesBuildPhase section */

/* Begin PBXFileReference section */
		447A265A2600305100C533BC /* GameScene.sks */ = {isa = PBXFileReference; lastKnownFileType = file.sks; path = GameScene.sks; sourceTree = "<group>"; };
		5E086DC02051C5A7004D8D25 /* Short_Circuits_by_Thiago_H_X_Medeiros.playgroundbook */ = {isa = PBXFileReference; explicitFileType = wrapper.cfbundle; includeInIndex = 0; path = Short_Circuits_by_Thiago_H_X_Medeiros.playgroundbook; sourceTree = BUILT_PRODUCTS_DIR; };
		5E086DC72051DD03004D8D25 /* BookOverridingBuildSettings.xcconfig */ = {isa = PBXFileReference; lastKnownFileType = text.xcconfig; path = BookOverridingBuildSettings.xcconfig; sourceTree = "<group>"; };
		5E086DCD2051DDB8004D8D25 /* Base */ = {isa = PBXFileReference; lastKnownFileType = file.storyboard; name = Base; path = Base.lproj/LiveView.storyboard; sourceTree = "<group>"; };
		5E086DCF2051DF0F004D8D25 /* Manifest.plist */ = {isa = PBXFileReference; lastKnownFileType = text.plist.xml; path = Manifest.plist; sourceTree = "<group>"; };
		5E0E37522065981C008FA4BE /* BuildSettings.xcconfig */ = {isa = PBXFileReference; lastKnownFileType = text.xcconfig; path = BuildSettings.xcconfig; sourceTree = "<group>"; };
		5E0E37542065A065008FA4BE /* README.md */ = {isa = PBXFileReference; lastKnownFileType = net.daringfireball.markdown; path = README.md; sourceTree = "<group>"; };
		5E1004BE208E7F6E00BCFE70 /* LICENSE.txt */ = {isa = PBXFileReference; lastKnownFileType = text; path = LICENSE.txt; sourceTree = "<group>"; };
		5E2A7AE6204F630600F4E17A /* BaseBuildSettings.xcconfig */ = {isa = PBXFileReference; lastKnownFileType = text.xcconfig; path = BaseBuildSettings.xcconfig; sourceTree = "<group>"; };
		5E3196F22061DEA40077BBD7 /* LiveViewSupport.swift */ = {isa = PBXFileReference; lastKnownFileType = sourcecode.swift; path = LiveViewSupport.swift; sourceTree = "<group>"; };
		5E551EC42371FC3F00784365 /* Assets.xcassets */ = {isa = PBXFileReference; lastKnownFileType = folder.assetcatalog; path = Assets.xcassets; sourceTree = "<group>"; };
		5E6F7E5C2367B64A008CC191 /* BookAPI.swift */ = {isa = PBXFileReference; lastKnownFileType = sourcecode.swift; path = BookAPI.swift; sourceTree = "<group>"; };
		5E6F7E612368FB6A008CC191 /* libBookAPI.a */ = {isa = PBXFileReference; explicitFileType = archive.ar; includeInIndex = 0; path = libBookAPI.a; sourceTree = BUILT_PRODUCTS_DIR; };
		5E6F7E6D2368FC9A008CC191 /* ModuleOverridingBuildSettings.xcconfig */ = {isa = PBXFileReference; lastKnownFileType = text.xcconfig; path = ModuleOverridingBuildSettings.xcconfig; sourceTree = "<group>"; };
		5E70679E23678DC00094BDEF /* Modules */ = {isa = PBXFileReference; lastKnownFileType = folder; path = Modules; sourceTree = "<group>"; };
		5E80DF292342971E00595EB4 /* LiveViewTestApp.entitlements */ = {isa = PBXFileReference; lastKnownFileType = text.plist.entitlements; path = LiveViewTestApp.entitlements; sourceTree = "<group>"; };
		5EA2E3BD2056F35A00416A35 /* LiveViewTestApp.app */ = {isa = PBXFileReference; explicitFileType = wrapper.application; includeInIndex = 0; path = LiveViewTestApp.app; sourceTree = BUILT_PRODUCTS_DIR; };
		5EA2E3BF2056F35A00416A35 /* AppDelegate.swift */ = {isa = PBXFileReference; lastKnownFileType = sourcecode.swift; path = AppDelegate.swift; sourceTree = "<group>"; };
		5EA2E3C92056F35B00416A35 /* Base */ = {isa = PBXFileReference; lastKnownFileType = file.storyboard; name = Base; path = Base.lproj/LiveViewTestAppLaunchScreen.storyboard; sourceTree = "<group>"; };
		5EA2E3CB2056F35B00416A35 /* Info.plist */ = {isa = PBXFileReference; lastKnownFileType = text.plist.xml; path = Info.plist; sourceTree = "<group>"; };
		5EA2E3D72056F88700416A35 /* PlaygroundSupport.framework */ = {isa = PBXFileReference; lastKnownFileType = wrapper.framework; path = PlaygroundSupport.framework; sourceTree = PLAYGROUNDS_FRAMEWORKS_DIR; };
		5EA2E3D82056F88700416A35 /* PlaygroundBluetooth.framework */ = {isa = PBXFileReference; lastKnownFileType = wrapper.framework; path = PlaygroundBluetooth.framework; sourceTree = PLAYGROUNDS_FRAMEWORKS_DIR; };
		5EBEC2EF205B396500975D3F /* LiveViewHost.framework */ = {isa = PBXFileReference; lastKnownFileType = wrapper.framework; path = LiveViewHost.framework; sourceTree = OTHER_FRAMEWORKS_DIR; };
		5EF2F97D2054B6E400191409 /* en */ = {isa = PBXFileReference; lastKnownFileType = text.plist.strings; name = en; path = en.lproj/ManifestPlist.strings; sourceTree = "<group>"; };
		5EF2F9AB2054BBF300191409 /* libBookCore.a */ = {isa = PBXFileReference; explicitFileType = archive.ar; includeInIndex = 0; path = libBookCore.a; sourceTree = BUILT_PRODUCTS_DIR; };
		5EF2F9AD2054BBF300191409 /* LiveViewController.swift */ = {isa = PBXFileReference; lastKnownFileType = sourcecode.swift; path = LiveViewController.swift; sourceTree = "<group>"; };
		5EF2F9B62054E6F900191409 /* Chapters */ = {isa = PBXFileReference; lastKnownFileType = folder; path = Chapters; sourceTree = "<group>"; };
		AF22C6C0262A3DBD00FC6E9F /* Click Off.mp3 */ = {isa = PBXFileReference; lastKnownFileType = audio.mp3; path = "Click Off.mp3"; sourceTree = "<group>"; };
		AF22C6C1262A3DBD00FC6E9F /* Click On.mp3 */ = {isa = PBXFileReference; lastKnownFileType = audio.mp3; path = "Click On.mp3"; sourceTree = "<group>"; };
		AF22C6C2262A3DBD00FC6E9F /* Next Level.mp3 */ = {isa = PBXFileReference; lastKnownFileType = audio.mp3; path = "Next Level.mp3"; sourceTree = "<group>"; };
		AF22C6C3262A3DBD00FC6E9F /* Encaixe.mp3 */ = {isa = PBXFileReference; lastKnownFileType = audio.mp3; path = Encaixe.mp3; sourceTree = "<group>"; };
		AF6A99A0261F85DC00B78195 /* Energia.sks */ = {isa = PBXFileReference; lastKnownFileType = file.sks; path = Energia.sks; sourceTree = "<group>"; };
		AF6AAD1E262896D500EF0DBC /* GameScene.swift */ = {isa = PBXFileReference; fileEncoding = 4; lastKnownFileType = sourcecode.swift; path = GameScene.swift; sourceTree = "<group>"; };
		AF6AAD2A2628B65E00EF0DBC /* EndGameScene.swift */ = {isa = PBXFileReference; fileEncoding = 4; lastKnownFileType = sourcecode.swift; path = EndGameScene.swift; sourceTree = "<group>"; };
		AF6AADC02629137F00EF0DBC /* EndGameScene.sks */ = {isa = PBXFileReference; lastKnownFileType = file.sks; path = EndGameScene.sks; sourceTree = "<group>"; };
		AF88A0CF261E8BCA00296772 /* NotGate.swift */ = {isa = PBXFileReference; lastKnownFileType = sourcecode.swift; path = NotGate.swift; sourceTree = "<group>"; };
		AF88A0D4261E8C2600296772 /* EmotionalState.swift */ = {isa = PBXFileReference; lastKnownFileType = sourcecode.swift; path = EmotionalState.swift; sourceTree = "<group>"; };
		AF88A0D9261E8E4E00296772 /* Gate.swift */ = {isa = PBXFileReference; lastKnownFileType = sourcecode.swift; path = Gate.swift; sourceTree = "<group>"; };
		AF88A0DF261E920F00296772 /* OrGate.swift */ = {isa = PBXFileReference; fileEncoding = 4; lastKnownFileType = sourcecode.swift; path = OrGate.swift; sourceTree = "<group>"; };
		AF88A0E0261E920F00296772 /* NorGate.swift */ = {isa = PBXFileReference; fileEncoding = 4; lastKnownFileType = sourcecode.swift; path = NorGate.swift; sourceTree = "<group>"; };
		AF88A0E1261E920F00296772 /* NandGate.swift */ = {isa = PBXFileReference; fileEncoding = 4; lastKnownFileType = sourcecode.swift; path = NandGate.swift; sourceTree = "<group>"; };
		AF88A0E2261E920F00296772 /* AndGate.swift */ = {isa = PBXFileReference; fileEncoding = 4; lastKnownFileType = sourcecode.swift; path = AndGate.swift; sourceTree = "<group>"; };
		AF88A0E3261E920F00296772 /* XnorGate.swift */ = {isa = PBXFileReference; fileEncoding = 4; lastKnownFileType = sourcecode.swift; path = XnorGate.swift; sourceTree = "<group>"; };
		AF88A0E4261E920F00296772 /* XorGate.swift */ = {isa = PBXFileReference; fileEncoding = 4; lastKnownFileType = sourcecode.swift; path = XorGate.swift; sourceTree = "<group>"; };
		AF88A0EE261E9B1000296772 /* EnergySwitch.swift */ = {isa = PBXFileReference; lastKnownFileType = sourcecode.swift; path = EnergySwitch.swift; sourceTree = "<group>"; };
		AF88A0F3261E9B8800296772 /* EnergyState.swift */ = {isa = PBXFileReference; lastKnownFileType = sourcecode.swift; path = EnergyState.swift; sourceTree = "<group>"; };
		AF8E551A2624DFF200D6E545 /* NotGameScene.swift */ = {isa = PBXFileReference; fileEncoding = 4; lastKnownFileType = sourcecode.swift; path = NotGameScene.swift; sourceTree = "<group>"; };
		AF8E552E2624E17300D6E545 /* OrGameScene.swift */ = {isa = PBXFileReference; fileEncoding = 4; lastKnownFileType = sourcecode.swift; path = OrGameScene.swift; sourceTree = "<group>"; };
		AF8E55362625294100D6E545 /* AndNotGameScene.swift */ = {isa = PBXFileReference; fileEncoding = 4; lastKnownFileType = sourcecode.swift; path = AndNotGameScene.swift; sourceTree = "<group>"; };
		AF92F0622626196B00276E6D /* NandGameScene.swift */ = {isa = PBXFileReference; fileEncoding = 4; lastKnownFileType = sourcecode.swift; path = NandGameScene.swift; sourceTree = "<group>"; };
		AF92F067262623D300276E6D /* OrNotGameScene.swift */ = {isa = PBXFileReference; fileEncoding = 4; lastKnownFileType = sourcecode.swift; path = OrNotGameScene.swift; sourceTree = "<group>"; };
		AF988E692620F3B800A3278F /* AndGameScene.swift */ = {isa = PBXFileReference; fileEncoding = 4; lastKnownFileType = sourcecode.swift; path = AndGameScene.swift; sourceTree = "<group>"; };
		AFB94379262756620058D62E /* NorGameScene.swift */ = {isa = PBXFileReference; fileEncoding = 4; lastKnownFileType = sourcecode.swift; path = NorGameScene.swift; sourceTree = "<group>"; };
		AFB9437E26276A050058D62E /* XorGameScene.swift */ = {isa = PBXFileReference; fileEncoding = 4; lastKnownFileType = sourcecode.swift; path = XorGameScene.swift; sourceTree = "<group>"; };
		AFB9438326276EA50058D62E /* XnorGameScene.swift */ = {isa = PBXFileReference; fileEncoding = 4; lastKnownFileType = sourcecode.swift; path = XnorGameScene.swift; sourceTree = "<group>"; };
		AFB9438826276FAE0058D62E /* XorNotGameScene.swift */ = {isa = PBXFileReference; fileEncoding = 4; lastKnownFileType = sourcecode.swift; path = XorNotGameScene.swift; sourceTree = "<group>"; };
		AFB9438D2627CE520058D62E /* Celebration Gates.sks */ = {isa = PBXFileReference; lastKnownFileType = file.sks; path = "Celebration Gates.sks"; sourceTree = "<group>"; };
/* End PBXFileReference section */

/* Begin PBXFrameworksBuildPhase section */
		5E6F7E5E2368FB6A008CC191 /* Frameworks */ = {
			isa = PBXFrameworksBuildPhase;
			buildActionMask = 2147483647;
			files = (
			);
			runOnlyForDeploymentPostprocessing = 0;
		};
		5EA2E3BA2056F35A00416A35 /* Frameworks */ = {
			isa = PBXFrameworksBuildPhase;
			buildActionMask = 2147483647;
			files = (
				5EA2E3D42056F36800416A35 /* libBookCore.a in Frameworks */,
			);
			runOnlyForDeploymentPostprocessing = 0;
		};
		5EF2F9A82054BBF300191409 /* Frameworks */ = {
			isa = PBXFrameworksBuildPhase;
			buildActionMask = 2147483647;
			files = (
			);
			runOnlyForDeploymentPostprocessing = 0;
		};
/* End PBXFrameworksBuildPhase section */

/* Begin PBXGroup section */
		5E086DA4204F706E004D8D25 /* Products */ = {
			isa = PBXGroup;
			children = (
				5E086DC02051C5A7004D8D25 /* Short_Circuits_by_Thiago_H_X_Medeiros.playgroundbook */,
				5EF2F9AB2054BBF300191409 /* libBookCore.a */,
				5E6F7E612368FB6A008CC191 /* libBookAPI.a */,
				5EA2E3BD2056F35A00416A35 /* LiveViewTestApp.app */,
			);
			name = Products;
			sourceTree = "<group>";
		};
		5E086DC12051C5A7004D8D25 /* PlaygroundBook */ = {
			isa = PBXGroup;
			children = (
				5E086DCF2051DF0F004D8D25 /* Manifest.plist */,
				5E70679B23678D810094BDEF /* Modules */,
				5EF2F9792054B64800191409 /* PrivateResources */,
				5EF2F9B62054E6F900191409 /* Chapters */,
				5EF2F9A42054BB9500191409 /* Supporting Content */,
			);
			path = PlaygroundBook;
			sourceTree = "<group>";
		};
		5E0E3751206597E7008FA4BE /* Base */ = {
			isa = PBXGroup;
			children = (
				5E2A7AE6204F630600F4E17A /* BaseBuildSettings.xcconfig */,
			);
			path = Base;
			sourceTree = "<group>";
		};
		5E0E3753206599A0008FA4BE /* Overrides */ = {
			isa = PBXGroup;
			children = (
				5E086DC72051DD03004D8D25 /* BookOverridingBuildSettings.xcconfig */,
				5E6F7E6D2368FC9A008CC191 /* ModuleOverridingBuildSettings.xcconfig */,
			);
			path = Overrides;
			sourceTree = "<group>";
		};
		5E1004BD208E7F6E00BCFE70 /* LICENSE */ = {
			isa = PBXGroup;
			children = (
				5E1004BE208E7F6E00BCFE70 /* LICENSE.txt */,
			);
			path = LICENSE;
			sourceTree = "<group>";
		};
		5E2A7ADC204F611300F4E17A = {
			isa = PBXGroup;
			children = (
				5E0E37542065A065008FA4BE /* README.md */,
				5E086DC12051C5A7004D8D25 /* PlaygroundBook */,
				5EA2E3BE2056F35A00416A35 /* LiveViewTestApp */,
				5E2A7AE3204F628B00F4E17A /* Config Files */,
				5E1004BD208E7F6E00BCFE70 /* LICENSE */,
				5EA2E3D52056F83400416A35 /* Supporting Content */,
				5E086DA4204F706E004D8D25 /* Products */,
			);
			sourceTree = "<group>";
		};
		5E2A7AE3204F628B00F4E17A /* Config Files */ = {
			isa = PBXGroup;
			children = (
				5E0E37522065981C008FA4BE /* BuildSettings.xcconfig */,
				5E0E3751206597E7008FA4BE /* Base */,
				5E0E3753206599A0008FA4BE /* Overrides */,
			);
			name = "Config Files";
			path = ConfigFiles;
			sourceTree = "<group>";
		};
		5E6F7E5A2367B621008CC191 /* BookAPI.playgroundmodule */ = {
			isa = PBXGroup;
			children = (
				5E6F7E5B2367B632008CC191 /* Sources */,
			);
			path = BookAPI.playgroundmodule;
			sourceTree = "<group>";
		};
		5E6F7E5B2367B632008CC191 /* Sources */ = {
			isa = PBXGroup;
			children = (
				5E6F7E5C2367B64A008CC191 /* BookAPI.swift */,
			);
			path = Sources;
			sourceTree = "<group>";
		};
		5E70679B23678D810094BDEF /* Modules */ = {
			isa = PBXGroup;
			children = (
				5E70679C23678D8A0094BDEF /* BookCore.playgroundmodule */,
				5E6F7E5A2367B621008CC191 /* BookAPI.playgroundmodule */,
			);
			path = Modules;
			sourceTree = "<group>";
		};
		5E70679C23678D8A0094BDEF /* BookCore.playgroundmodule */ = {
			isa = PBXGroup;
			children = (
				5E70679D23678DA00094BDEF /* Sources */,
			);
			path = BookCore.playgroundmodule;
			sourceTree = "<group>";
		};
		5E70679D23678DA00094BDEF /* Sources */ = {
			isa = PBXGroup;
			children = (
				AF88A0DE261E917D00296772 /* Gates */,
				5EF2F9AD2054BBF300191409 /* LiveViewController.swift */,
				5E3196F22061DEA40077BBD7 /* LiveViewSupport.swift */,
				AF8E55262624E02E00D6E545 /* Levels */,
				AF6AAD1E262896D500EF0DBC /* GameScene.swift */,
				AF6AAD2A2628B65E00EF0DBC /* EndGameScene.swift */,
				AF88A0D4261E8C2600296772 /* EmotionalState.swift */,
				AF88A0EE261E9B1000296772 /* EnergySwitch.swift */,
				AF88A0F3261E9B8800296772 /* EnergyState.swift */,
			);
			path = Sources;
			sourceTree = "<group>";
		};
		5EA2E3BE2056F35A00416A35 /* LiveViewTestApp */ = {
			isa = PBXGroup;
			children = (
				5EA2E3BF2056F35A00416A35 /* AppDelegate.swift */,
				5EA2E3C82056F35B00416A35 /* LiveViewTestAppLaunchScreen.storyboard */,
				5E80DF292342971E00595EB4 /* LiveViewTestApp.entitlements */,
				5EA2E3CB2056F35B00416A35 /* Info.plist */,
			);
			path = LiveViewTestApp;
			sourceTree = "<group>";
		};
		5EA2E3D52056F83400416A35 /* Supporting Content */ = {
			isa = PBXGroup;
			children = (
				5EA2E3D62056F84000416A35 /* Playgrounds Frameworks */,
				5EBEC2EE205B395200975D3F /* Other Frameworks */,
			);
			name = "Supporting Content";
			sourceTree = "<group>";
		};
		5EA2E3D62056F84000416A35 /* Playgrounds Frameworks */ = {
			isa = PBXGroup;
			children = (
				5EA2E3D82056F88700416A35 /* PlaygroundBluetooth.framework */,
				5EA2E3D72056F88700416A35 /* PlaygroundSupport.framework */,
			);
			name = "Playgrounds Frameworks";
			sourceTree = "<group>";
		};
		5EBEC2EE205B395200975D3F /* Other Frameworks */ = {
			isa = PBXGroup;
			children = (
				5EBEC2EF205B396500975D3F /* LiveViewHost.framework */,
			);
			name = "Other Frameworks";
			sourceTree = "<group>";
		};
		5EF2F9792054B64800191409 /* PrivateResources */ = {
			isa = PBXGroup;
			children = (
				AF22C6C0262A3DBD00FC6E9F /* Click Off.mp3 */,
				AF22C6C1262A3DBD00FC6E9F /* Click On.mp3 */,
				AF22C6C3262A3DBD00FC6E9F /* Encaixe.mp3 */,
				AF22C6C2262A3DBD00FC6E9F /* Next Level.mp3 */,
				5EF2F97E2054B6E400191409 /* ManifestPlist.strings */,
				AF6AADC02629137F00EF0DBC /* EndGameScene.sks */,
				447A265A2600305100C533BC /* GameScene.sks */,
				5E086DCC2051DDAE004D8D25 /* LiveView.storyboard */,
				5E551EC42371FC3F00784365 /* Assets.xcassets */,
				AFB9438D2627CE520058D62E /* Celebration Gates.sks */,
				AF6A99A0261F85DC00B78195 /* Energia.sks */,
			);
			path = PrivateResources;
			sourceTree = "<group>";
		};
		5EF2F9A42054BB9500191409 /* Supporting Content */ = {
			isa = PBXGroup;
			children = (
				5E70679E23678DC00094BDEF /* Modules */,
			);
			name = "Supporting Content";
			sourceTree = "<group>";
		};
		AF88A0DE261E917D00296772 /* Gates */ = {
			isa = PBXGroup;
			children = (
				AF88A0E2261E920F00296772 /* AndGate.swift */,
				AF88A0E1261E920F00296772 /* NandGate.swift */,
				AF88A0E0261E920F00296772 /* NorGate.swift */,
				AF88A0DF261E920F00296772 /* OrGate.swift */,
				AF88A0E3261E920F00296772 /* XnorGate.swift */,
				AF88A0E4261E920F00296772 /* XorGate.swift */,
				AF88A0CF261E8BCA00296772 /* NotGate.swift */,
				AF88A0D9261E8E4E00296772 /* Gate.swift */,
			);
			name = Gates;
			sourceTree = "<group>";
		};
		AF8E55262624E02E00D6E545 /* Levels */ = {
			isa = PBXGroup;
			children = (
				AF8E552E2624E17300D6E545 /* OrGameScene.swift */,
				AF988E692620F3B800A3278F /* AndGameScene.swift */,
				AFB94379262756620058D62E /* NorGameScene.swift */,
				AFB9437E26276A050058D62E /* XorGameScene.swift */,
				AFB9438326276EA50058D62E /* XnorGameScene.swift */,
				AFB9438826276FAE0058D62E /* XorNotGameScene.swift */,
				AF92F0622626196B00276E6D /* NandGameScene.swift */,
				AF8E55362625294100D6E545 /* AndNotGameScene.swift */,
				AF92F067262623D300276E6D /* OrNotGameScene.swift */,
				AF8E551A2624DFF200D6E545 /* NotGameScene.swift */,
			);
			name = Levels;
			sourceTree = "<group>";
		};
/* End PBXGroup section */

/* Begin PBXNativeTarget section */
		5E086DBF2051C5A7004D8D25 /* PlaygroundBook */ = {
			isa = PBXNativeTarget;
			buildConfigurationList = 5E086DC52051C5A7004D8D25 /* Build configuration list for PBXNativeTarget "PlaygroundBook" */;
			buildPhases = (
				5E086DD22051E35D004D8D25 /* Copy Book Contents */,
				5E086DC62051DB17004D8D25 /* Resources */,
				447A265126002B9400C533BC /* ShellScript */,
			);
			buildRules = (
				5E086DD42051E415004D8D25 /* PBXBuildRule */,
			);
			dependencies = (
				5EF2F9B52054BDD100191409 /* PBXTargetDependency */,
				5E6F7E6F2368FD7C008CC191 /* PBXTargetDependency */,
			);
			name = PlaygroundBook;
			productName = PlaygroundBook;
			productReference = 5E086DC02051C5A7004D8D25 /* Short_Circuits_by_Thiago_H_X_Medeiros.playgroundbook */;
			productType = "com.apple.product-type.bundle";
		};
		5E6F7E602368FB6A008CC191 /* BookAPI */ = {
			isa = PBXNativeTarget;
			buildConfigurationList = 5E6F7E652368FB6A008CC191 /* Build configuration list for PBXNativeTarget "BookAPI" */;
			buildPhases = (
				5E6F7E5D2368FB6A008CC191 /* Sources */,
				5E6F7E5E2368FB6A008CC191 /* Frameworks */,
			);
			buildRules = (
			);
			dependencies = (
				5E6F7E692368FB79008CC191 /* PBXTargetDependency */,
			);
			name = BookAPI;
			productName = BookAPI;
			productReference = 5E6F7E612368FB6A008CC191 /* libBookAPI.a */;
			productType = "com.apple.product-type.library.static";
		};
		5EA2E3BC2056F35A00416A35 /* LiveViewTestApp */ = {
			isa = PBXNativeTarget;
			buildConfigurationList = 5EA2E3CE2056F35B00416A35 /* Build configuration list for PBXNativeTarget "LiveViewTestApp" */;
			buildPhases = (
				5EA2E3B92056F35A00416A35 /* Sources */,
				5EA2E3BA2056F35A00416A35 /* Frameworks */,
				5EA2E3BB2056F35A00416A35 /* Resources */,
				5EA2E3D92056F8BD00416A35 /* Embed Frameworks */,
				5EA2E3DD2056FB2900416A35 /* Embed Playground Book PublicResources & PrivateResources */,
			);
			buildRules = (
			);
			dependencies = (
				5EA2E3D02056F36100416A35 /* PBXTargetDependency */,
				5EA2E3D22056F36300416A35 /* PBXTargetDependency */,
				5E6F7E6B2368FB7D008CC191 /* PBXTargetDependency */,
			);
			name = LiveViewTestApp;
			productName = LiveViewTestApp;
			productReference = 5EA2E3BD2056F35A00416A35 /* LiveViewTestApp.app */;
			productType = "com.apple.product-type.application";
		};
		5EF2F9AA2054BBF300191409 /* BookCore */ = {
			isa = PBXNativeTarget;
			buildConfigurationList = 5EF2F9AF2054BBF300191409 /* Build configuration list for PBXNativeTarget "BookCore" */;
			buildPhases = (
				5EF2F9A72054BBF300191409 /* Sources */,
				5EF2F9A82054BBF300191409 /* Frameworks */,
			);
			buildRules = (
			);
			dependencies = (
			);
			name = BookCore;
			productName = Book_Sources;
			productReference = 5EF2F9AB2054BBF300191409 /* libBookCore.a */;
			productType = "com.apple.product-type.library.static";
		};
/* End PBXNativeTarget section */

/* Begin PBXProject section */
		5E2A7ADD204F611300F4E17A /* Project object */ = {
			isa = PBXProject;
			attributes = {
				LastSwiftUpdateCheck = 1110;
				LastUpgradeCheck = 0930;
				TargetAttributes = {
					5E086DBF2051C5A7004D8D25 = {
						CreatedOnToolsVersion = 9.3;
					};
					5E6F7E602368FB6A008CC191 = {
						CreatedOnToolsVersion = 11.1;
					};
					5EA2E3BC2056F35A00416A35 = {
						CreatedOnToolsVersion = 9.3;
						LastSwiftMigration = 1000;
					};
					5EF2F9AA2054BBF300191409 = {
						CreatedOnToolsVersion = 9.3;
						LastSwiftMigration = 1020;
					};
				};
			};
			buildConfigurationList = 5E2A7AE0204F611300F4E17A /* Build configuration list for PBXProject "PlaygroundBook" */;
			compatibilityVersion = "Xcode 11.0";
			developmentRegion = en;
			hasScannedForEncodings = 0;
			knownRegions = (
				en,
				Base,
			);
			mainGroup = 5E2A7ADC204F611300F4E17A;
			productRefGroup = 5E086DA4204F706E004D8D25 /* Products */;
			projectDirPath = "";
			projectRoot = "";
			targets = (
				5E086DBF2051C5A7004D8D25 /* PlaygroundBook */,
				5EF2F9AA2054BBF300191409 /* BookCore */,
				5E6F7E602368FB6A008CC191 /* BookAPI */,
				5EA2E3BC2056F35A00416A35 /* LiveViewTestApp */,
			);
		};
/* End PBXProject section */

/* Begin PBXResourcesBuildPhase section */
		5E086DC62051DB17004D8D25 /* Resources */ = {
			isa = PBXResourcesBuildPhase;
			buildActionMask = 2147483647;
			files = (
				447A265B2600305100C533BC /* GameScene.sks in Resources */,
				5EF2F97C2054B6E400191409 /* ManifestPlist.strings in Resources */,
				AFB9438E2627CE520058D62E /* Celebration Gates.sks in Resources */,
				AF22C6C6262A3DBD00FC6E9F /* Next Level.mp3 in Resources */,
				AF22C6C5262A3DBD00FC6E9F /* Click On.mp3 in Resources */,
				5E551EC52371FC3F00784365 /* Assets.xcassets in Resources */,
				AF22C6C7262A3DBD00FC6E9F /* Encaixe.mp3 in Resources */,
				AF22C6C4262A3DBD00FC6E9F /* Click Off.mp3 in Resources */,
				AF6A99A1261F85DC00B78195 /* Energia.sks in Resources */,
				AF6AADC12629137F00EF0DBC /* EndGameScene.sks in Resources */,
				5E086DCA2051DDAE004D8D25 /* LiveView.storyboard in Resources */,
			);
			runOnlyForDeploymentPostprocessing = 0;
		};
		5EA2E3BB2056F35A00416A35 /* Resources */ = {
			isa = PBXResourcesBuildPhase;
			buildActionMask = 2147483647;
			files = (
				5EA2E3CA2056F35B00416A35 /* LiveViewTestAppLaunchScreen.storyboard in Resources */,
			);
			runOnlyForDeploymentPostprocessing = 0;
		};
/* End PBXResourcesBuildPhase section */

/* Begin PBXShellScriptBuildPhase section */
		447A265126002B9400C533BC /* ShellScript */ = {
			isa = PBXShellScriptBuildPhase;
			buildActionMask = 2147483647;
			files = (
			);
			inputFileListPaths = (
			);
			inputPaths = (
			);
			outputFileListPaths = (
			);
			outputPaths = (
			);
			runOnlyForDeploymentPostprocessing = 0;
			shellPath = /bin/sh;
			shellScript = "open $TARGET_BUILD_DIR/$PLAYGROUND_BOOK_FILE_NAME.playgroundbook\n";
		};
		5EA2E3DD2056FB2900416A35 /* Embed Playground Book PublicResources & PrivateResources */ = {
			isa = PBXShellScriptBuildPhase;
			buildActionMask = 2147483647;
			files = (
			);
			inputPaths = (
				"$(BUILT_PRODUCTS_DIR)/PlaygroundBook.playgroundbook",
			);
			name = "Embed Playground Book PublicResources & PrivateResources";
			outputPaths = (
				"$(DERIVED_FILE_DIR)/embed-resources-marker",
			);
			runOnlyForDeploymentPostprocessing = 0;
			shellPath = /bin/sh;
			shellScript = "PLAYGROUND_BOOK_PATH=\"${BUILT_PRODUCTS_DIR}/${PLAYGROUND_BOOK_FILE_NAME}.playgroundbook\"\nPRIVATERESOURCES_FOLDER_PATH=\"${PLAYGROUND_BOOK_PATH}/Contents/PrivateResources\"\nPUBLICRESOURCES_FOLDER_PATH=\"${PLAYGROUND_BOOK_PATH}/Contents/PublicResources\"\n\nDESTINATION_FOLDER_PATH=\"${TARGET_BUILD_DIR}/${UNLOCALIZED_RESOURCES_FOLDER_PATH}\"\n\nif [[ -d \"${PRIVATERESOURCES_FOLDER_PATH}\" ]]; then\n    ditto \"${PRIVATERESOURCES_FOLDER_PATH}\" \"${DESTINATION_FOLDER_PATH}\"\nfi\n\nif [[ -d \"${PUBLICRESOURCES_FOLDER_PATH}\" ]]; then\n    ditto \"${PUBLICRESOURCES_FOLDER_PATH}\" \"${DESTINATION_FOLDER_PATH}\"\nfi\n\nmkdir -p \"${DERIVED_FILE_DIR}\"\ntouch \"${DERIVED_FILE_DIR}/embed-resources-marker\"\n";
		};
/* End PBXShellScriptBuildPhase section */

/* Begin PBXSourcesBuildPhase section */
		5E6F7E5D2368FB6A008CC191 /* Sources */ = {
			isa = PBXSourcesBuildPhase;
			buildActionMask = 2147483647;
			files = (
				5E6F7E6C2368FC01008CC191 /* BookAPI.swift in Sources */,
			);
			runOnlyForDeploymentPostprocessing = 0;
		};
		5EA2E3B92056F35A00416A35 /* Sources */ = {
			isa = PBXSourcesBuildPhase;
			buildActionMask = 2147483647;
			files = (
				5EA2E3C02056F35A00416A35 /* AppDelegate.swift in Sources */,
			);
			runOnlyForDeploymentPostprocessing = 0;
		};
		5EF2F9A72054BBF300191409 /* Sources */ = {
			isa = PBXSourcesBuildPhase;
			buildActionMask = 2147483647;
			files = (
				AF88A0E8261E920F00296772 /* AndGate.swift in Sources */,
				AF88A0E6261E920F00296772 /* NorGate.swift in Sources */,
				AF988E6A2620F3B800A3278F /* AndGameScene.swift in Sources */,
				AF88A0E9261E920F00296772 /* XnorGate.swift in Sources */,
				AFB9437A262756620058D62E /* NorGameScene.swift in Sources */,
				AF88A0E5261E920F00296772 /* OrGate.swift in Sources */,
				AF8E551B2624DFF200D6E545 /* NotGameScene.swift in Sources */,
				5E3196F32061DEA40077BBD7 /* LiveViewSupport.swift in Sources */,
				AF8E552F2624E17300D6E545 /* OrGameScene.swift in Sources */,
				AF6AAD2B2628B65E00EF0DBC /* EndGameScene.swift in Sources */,
				AFB9438926276FAE0058D62E /* XorNotGameScene.swift in Sources */,
				AF88A0EA261E920F00296772 /* XorGate.swift in Sources */,
				AF88A0EF261E9B1000296772 /* EnergySwitch.swift in Sources */,
				AF88A0E7261E920F00296772 /* NandGate.swift in Sources */,
				AF88A0D5261E8C2600296772 /* EmotionalState.swift in Sources */,
				AF92F068262623D300276E6D /* OrNotGameScene.swift in Sources */,
				AFB9437F26276A050058D62E /* XorGameScene.swift in Sources */,
				AF8E55372625294100D6E545 /* AndNotGameScene.swift in Sources */,
				AF88A0D0261E8BCA00296772 /* NotGate.swift in Sources */,
				AF6AAD1F262896D500EF0DBC /* GameScene.swift in Sources */,
				AF88A0F4261E9B8800296772 /* EnergyState.swift in Sources */,
				AF92F0632626196B00276E6D /* NandGameScene.swift in Sources */,
				AF88A0DA261E8E4E00296772 /* Gate.swift in Sources */,
				5EF2F9AE2054BBF300191409 /* LiveViewController.swift in Sources */,
				AFB9438426276EA50058D62E /* XnorGameScene.swift in Sources */,
			);
			runOnlyForDeploymentPostprocessing = 0;
		};
/* End PBXSourcesBuildPhase section */

/* Begin PBXTargetDependency section */
		5E6F7E692368FB79008CC191 /* PBXTargetDependency */ = {
			isa = PBXTargetDependency;
			target = 5EF2F9AA2054BBF300191409 /* BookCore */;
			targetProxy = 5E6F7E682368FB79008CC191 /* PBXContainerItemProxy */;
		};
		5E6F7E6B2368FB7D008CC191 /* PBXTargetDependency */ = {
			isa = PBXTargetDependency;
			target = 5E6F7E602368FB6A008CC191 /* BookAPI */;
			targetProxy = 5E6F7E6A2368FB7D008CC191 /* PBXContainerItemProxy */;
		};
		5E6F7E6F2368FD7C008CC191 /* PBXTargetDependency */ = {
			isa = PBXTargetDependency;
			target = 5E6F7E602368FB6A008CC191 /* BookAPI */;
			targetProxy = 5E6F7E6E2368FD7C008CC191 /* PBXContainerItemProxy */;
		};
		5EA2E3D02056F36100416A35 /* PBXTargetDependency */ = {
			isa = PBXTargetDependency;
			target = 5E086DBF2051C5A7004D8D25 /* PlaygroundBook */;
			targetProxy = 5EA2E3CF2056F36100416A35 /* PBXContainerItemProxy */;
		};
		5EA2E3D22056F36300416A35 /* PBXTargetDependency */ = {
			isa = PBXTargetDependency;
			target = 5EF2F9AA2054BBF300191409 /* BookCore */;
			targetProxy = 5EA2E3D12056F36300416A35 /* PBXContainerItemProxy */;
		};
		5EF2F9B52054BDD100191409 /* PBXTargetDependency */ = {
			isa = PBXTargetDependency;
			target = 5EF2F9AA2054BBF300191409 /* BookCore */;
			targetProxy = 5EF2F9B42054BDD100191409 /* PBXContainerItemProxy */;
		};
/* End PBXTargetDependency section */

/* Begin PBXVariantGroup section */
		5E086DCC2051DDAE004D8D25 /* LiveView.storyboard */ = {
			isa = PBXVariantGroup;
			children = (
				5E086DCD2051DDB8004D8D25 /* Base */,
			);
			name = LiveView.storyboard;
			sourceTree = "<group>";
		};
		5EA2E3C82056F35B00416A35 /* LiveViewTestAppLaunchScreen.storyboard */ = {
			isa = PBXVariantGroup;
			children = (
				5EA2E3C92056F35B00416A35 /* Base */,
			);
			name = LiveViewTestAppLaunchScreen.storyboard;
			sourceTree = "<group>";
		};
		5EF2F97E2054B6E400191409 /* ManifestPlist.strings */ = {
			isa = PBXVariantGroup;
			children = (
				5EF2F97D2054B6E400191409 /* en */,
			);
			name = ManifestPlist.strings;
			sourceTree = "<group>";
		};
/* End PBXVariantGroup section */

/* Begin XCBuildConfiguration section */
		5E086DC32051C5A7004D8D25 /* Debug */ = {
			isa = XCBuildConfiguration;
			baseConfigurationReference = 5E086DC72051DD03004D8D25 /* BookOverridingBuildSettings.xcconfig */;
			buildSettings = {
				COMBINE_HIDPI_IMAGES = YES;
				CURRENT_PROJECT_VERSION = "$(PLAYGROUND_BOOK_CONTENT_VERSION)";
				GCC_DYNAMIC_NO_PIC = NO;
				INSTALL_PATH = /;
				PRODUCT_BUNDLE_IDENTIFIER = "$(PLAYGROUND_BOOK_CONTENT_IDENTIFIER)";
				PRODUCT_NAME = "$(PLAYGROUND_BOOK_FILE_NAME)";
				SKIP_INSTALL = NO;
				SUPPORTS_MACCATALYST = YES;
			};
			name = Debug;
		};
		5E086DC42051C5A7004D8D25 /* Release */ = {
			isa = XCBuildConfiguration;
			baseConfigurationReference = 5E086DC72051DD03004D8D25 /* BookOverridingBuildSettings.xcconfig */;
			buildSettings = {
				COMBINE_HIDPI_IMAGES = YES;
				CURRENT_PROJECT_VERSION = "$(PLAYGROUND_BOOK_CONTENT_VERSION)";
				INSTALL_PATH = /;
				PRODUCT_BUNDLE_IDENTIFIER = "$(PLAYGROUND_BOOK_CONTENT_IDENTIFIER)";
				PRODUCT_NAME = "$(PLAYGROUND_BOOK_FILE_NAME)";
				SKIP_INSTALL = NO;
				SUPPORTS_MACCATALYST = YES;
			};
			name = Release;
		};
		5E2A7AE1204F611300F4E17A /* Debug */ = {
			isa = XCBuildConfiguration;
			baseConfigurationReference = 5E0E37522065981C008FA4BE /* BuildSettings.xcconfig */;
			buildSettings = {
				ALWAYS_SEARCH_USER_PATHS = NO;
				CLANG_ANALYZER_NONNULL = YES;
				CLANG_ANALYZER_NUMBER_OBJECT_CONVERSION = YES_AGGRESSIVE;
				CLANG_CXX_LANGUAGE_STANDARD = "gnu++14";
				CLANG_CXX_LIBRARY = "libc++";
				CLANG_ENABLE_MODULES = YES;
				CLANG_ENABLE_OBJC_ARC = YES;
				CLANG_ENABLE_OBJC_WEAK = YES;
				CLANG_WARN_BLOCK_CAPTURE_AUTORELEASING = YES;
				CLANG_WARN_BOOL_CONVERSION = YES;
				CLANG_WARN_COMMA = YES;
				CLANG_WARN_CONSTANT_CONVERSION = YES;
				CLANG_WARN_DEPRECATED_OBJC_IMPLEMENTATIONS = YES;
				CLANG_WARN_DIRECT_OBJC_ISA_USAGE = YES_ERROR;
				CLANG_WARN_DOCUMENTATION_COMMENTS = YES;
				CLANG_WARN_EMPTY_BODY = YES;
				CLANG_WARN_ENUM_CONVERSION = YES;
				CLANG_WARN_INFINITE_RECURSION = YES;
				CLANG_WARN_INT_CONVERSION = YES;
				CLANG_WARN_NON_LITERAL_NULL_CONVERSION = YES;
				CLANG_WARN_OBJC_IMPLICIT_RETAIN_SELF = YES;
				CLANG_WARN_OBJC_LITERAL_CONVERSION = YES;
				CLANG_WARN_OBJC_ROOT_CLASS = YES_ERROR;
				CLANG_WARN_RANGE_LOOP_ANALYSIS = YES;
				CLANG_WARN_STRICT_PROTOTYPES = YES;
				CLANG_WARN_SUSPICIOUS_MOVE = YES;
				CLANG_WARN_UNGUARDED_AVAILABILITY = YES_AGGRESSIVE;
				CLANG_WARN_UNREACHABLE_CODE = YES;
				CLANG_WARN__DUPLICATE_METHOD_MATCH = YES;
				COPY_PHASE_STRIP = NO;
				DEBUG_INFORMATION_FORMAT = dwarf;
				ENABLE_STRICT_OBJC_MSGSEND = YES;
				ENABLE_TESTABILITY = YES;
				GCC_C_LANGUAGE_STANDARD = gnu11;
				GCC_NO_COMMON_BLOCKS = YES;
				GCC_OPTIMIZATION_LEVEL = 0;
				GCC_PREPROCESSOR_DEFINITIONS = (
					"DEBUG=1",
					"$(inherited)",
				);
				GCC_WARN_64_TO_32_BIT_CONVERSION = YES;
				GCC_WARN_ABOUT_RETURN_TYPE = YES_ERROR;
				GCC_WARN_UNDECLARED_SELECTOR = YES;
				GCC_WARN_UNINITIALIZED_AUTOS = YES_AGGRESSIVE;
				GCC_WARN_UNUSED_FUNCTION = YES;
				GCC_WARN_UNUSED_VARIABLE = YES;
				IPHONEOS_DEPLOYMENT_TARGET = 13.4;
				MTL_ENABLE_DEBUG_INFO = YES;
				ONLY_ACTIVE_ARCH = YES;
				SDKROOT = iphoneos;
				SWIFT_ACTIVE_COMPILATION_CONDITIONS = "$(inherited) DEBUG";
				SWIFT_OPTIMIZATION_LEVEL = "-Onone";
				SWIFT_VERSION = 5.1;
			};
			name = Debug;
		};
		5E2A7AE2204F611300F4E17A /* Release */ = {
			isa = XCBuildConfiguration;
			baseConfigurationReference = 5E0E37522065981C008FA4BE /* BuildSettings.xcconfig */;
			buildSettings = {
				ALWAYS_SEARCH_USER_PATHS = NO;
				CLANG_ANALYZER_NONNULL = YES;
				CLANG_ANALYZER_NUMBER_OBJECT_CONVERSION = YES_AGGRESSIVE;
				CLANG_CXX_LANGUAGE_STANDARD = "gnu++14";
				CLANG_CXX_LIBRARY = "libc++";
				CLANG_ENABLE_MODULES = YES;
				CLANG_ENABLE_OBJC_ARC = YES;
				CLANG_ENABLE_OBJC_WEAK = YES;
				CLANG_WARN_BLOCK_CAPTURE_AUTORELEASING = YES;
				CLANG_WARN_BOOL_CONVERSION = YES;
				CLANG_WARN_COMMA = YES;
				CLANG_WARN_CONSTANT_CONVERSION = YES;
				CLANG_WARN_DEPRECATED_OBJC_IMPLEMENTATIONS = YES;
				CLANG_WARN_DIRECT_OBJC_ISA_USAGE = YES_ERROR;
				CLANG_WARN_DOCUMENTATION_COMMENTS = YES;
				CLANG_WARN_EMPTY_BODY = YES;
				CLANG_WARN_ENUM_CONVERSION = YES;
				CLANG_WARN_INFINITE_RECURSION = YES;
				CLANG_WARN_INT_CONVERSION = YES;
				CLANG_WARN_NON_LITERAL_NULL_CONVERSION = YES;
				CLANG_WARN_OBJC_IMPLICIT_RETAIN_SELF = YES;
				CLANG_WARN_OBJC_LITERAL_CONVERSION = YES;
				CLANG_WARN_OBJC_ROOT_CLASS = YES_ERROR;
				CLANG_WARN_RANGE_LOOP_ANALYSIS = YES;
				CLANG_WARN_STRICT_PROTOTYPES = YES;
				CLANG_WARN_SUSPICIOUS_MOVE = YES;
				CLANG_WARN_UNGUARDED_AVAILABILITY = YES_AGGRESSIVE;
				CLANG_WARN_UNREACHABLE_CODE = YES;
				CLANG_WARN__DUPLICATE_METHOD_MATCH = YES;
				COPY_PHASE_STRIP = NO;
				DEBUG_INFORMATION_FORMAT = "dwarf-with-dsym";
				ENABLE_NS_ASSERTIONS = NO;
				ENABLE_STRICT_OBJC_MSGSEND = YES;
				GCC_C_LANGUAGE_STANDARD = gnu11;
				GCC_NO_COMMON_BLOCKS = YES;
				GCC_WARN_64_TO_32_BIT_CONVERSION = YES;
				GCC_WARN_ABOUT_RETURN_TYPE = YES_ERROR;
				GCC_WARN_UNDECLARED_SELECTOR = YES;
				GCC_WARN_UNINITIALIZED_AUTOS = YES_AGGRESSIVE;
				GCC_WARN_UNUSED_FUNCTION = YES;
				GCC_WARN_UNUSED_VARIABLE = YES;
				IPHONEOS_DEPLOYMENT_TARGET = 13.4;
				MTL_ENABLE_DEBUG_INFO = NO;
				SDKROOT = iphoneos;
				SWIFT_COMPILATION_MODE = wholemodule;
				SWIFT_OPTIMIZATION_LEVEL = "-O";
				SWIFT_VERSION = 5.1;
			};
			name = Release;
		};
		5E6F7E662368FB6A008CC191 /* Debug */ = {
			isa = XCBuildConfiguration;
			baseConfigurationReference = 5E6F7E6D2368FC9A008CC191 /* ModuleOverridingBuildSettings.xcconfig */;
			buildSettings = {
			};
			name = Debug;
		};
		5E6F7E672368FB6A008CC191 /* Release */ = {
			isa = XCBuildConfiguration;
			baseConfigurationReference = 5E6F7E6D2368FC9A008CC191 /* ModuleOverridingBuildSettings.xcconfig */;
			buildSettings = {
			};
			name = Release;
		};
		5EA2E3CC2056F35B00416A35 /* Debug */ = {
			isa = XCBuildConfiguration;
			buildSettings = {
				ALWAYS_EMBED_SWIFT_STANDARD_LIBRARIES = YES;
				CODE_SIGN_ENTITLEMENTS = LiveViewTestApp/LiveViewTestApp.entitlements;
				CODE_SIGN_IDENTITY = "Apple Development";
				CODE_SIGN_STYLE = Automatic;
				DERIVE_MACCATALYST_PRODUCT_BUNDLE_IDENTIFIER = YES;
				DEVELOPMENT_TEAM = "";
				GCC_DYNAMIC_NO_PIC = NO;
				INFOPLIST_FILE = LiveViewTestApp/Info.plist;
				LD_RUNPATH_SEARCH_PATHS = (
					"$(inherited)",
					"@executable_path/Frameworks",
				);
				OTHER_LDFLAGS = "-all_load";
				PRODUCT_BUNDLE_IDENTIFIER = "$(BUNDLE_IDENTIFIER_PREFIX).LiveViewTestApp";
				PRODUCT_NAME = "$(TARGET_NAME)";
				SUPPORTS_MACCATALYST = YES;
				SWIFT_ACTIVE_COMPILATION_CONDITIONS = DEBUG;
				SYSTEM_FRAMEWORK_SEARCH_PATHS = (
					"\"$(OTHER_FRAMEWORKS_DIR)\"",
					"$(inherited)",
				);
			};
			name = Debug;
		};
		5EA2E3CD2056F35B00416A35 /* Release */ = {
			isa = XCBuildConfiguration;
			buildSettings = {
				ALWAYS_EMBED_SWIFT_STANDARD_LIBRARIES = YES;
				CODE_SIGN_ENTITLEMENTS = LiveViewTestApp/LiveViewTestApp.entitlements;
				CODE_SIGN_IDENTITY = "Apple Development";
				CODE_SIGN_STYLE = Automatic;
				DERIVE_MACCATALYST_PRODUCT_BUNDLE_IDENTIFIER = YES;
				DEVELOPMENT_TEAM = "";
				INFOPLIST_FILE = LiveViewTestApp/Info.plist;
				LD_RUNPATH_SEARCH_PATHS = (
					"$(inherited)",
					"@executable_path/Frameworks",
				);
				OTHER_LDFLAGS = "-all_load";
				PRODUCT_BUNDLE_IDENTIFIER = "$(BUNDLE_IDENTIFIER_PREFIX).LiveViewTestApp";
				PRODUCT_NAME = "$(TARGET_NAME)";
				SUPPORTS_MACCATALYST = YES;
				SYSTEM_FRAMEWORK_SEARCH_PATHS = (
					"\"$(OTHER_FRAMEWORKS_DIR)\"",
					"$(inherited)",
				);
				VALIDATE_PRODUCT = YES;
			};
			name = Release;
		};
		5EF2F9B02054BBF300191409 /* Debug */ = {
			isa = XCBuildConfiguration;
			baseConfigurationReference = 5E6F7E6D2368FC9A008CC191 /* ModuleOverridingBuildSettings.xcconfig */;
			buildSettings = {
			};
			name = Debug;
		};
		5EF2F9B12054BBF300191409 /* Release */ = {
			isa = XCBuildConfiguration;
			baseConfigurationReference = 5E6F7E6D2368FC9A008CC191 /* ModuleOverridingBuildSettings.xcconfig */;
			buildSettings = {
			};
			name = Release;
		};
/* End XCBuildConfiguration section */

/* Begin XCConfigurationList section */
		5E086DC52051C5A7004D8D25 /* Build configuration list for PBXNativeTarget "PlaygroundBook" */ = {
			isa = XCConfigurationList;
			buildConfigurations = (
				5E086DC32051C5A7004D8D25 /* Debug */,
				5E086DC42051C5A7004D8D25 /* Release */,
			);
			defaultConfigurationIsVisible = 0;
			defaultConfigurationName = Release;
		};
		5E2A7AE0204F611300F4E17A /* Build configuration list for PBXProject "PlaygroundBook" */ = {
			isa = XCConfigurationList;
			buildConfigurations = (
				5E2A7AE1204F611300F4E17A /* Debug */,
				5E2A7AE2204F611300F4E17A /* Release */,
			);
			defaultConfigurationIsVisible = 0;
			defaultConfigurationName = Release;
		};
		5E6F7E652368FB6A008CC191 /* Build configuration list for PBXNativeTarget "BookAPI" */ = {
			isa = XCConfigurationList;
			buildConfigurations = (
				5E6F7E662368FB6A008CC191 /* Debug */,
				5E6F7E672368FB6A008CC191 /* Release */,
			);
			defaultConfigurationIsVisible = 0;
			defaultConfigurationName = Release;
		};
		5EA2E3CE2056F35B00416A35 /* Build configuration list for PBXNativeTarget "LiveViewTestApp" */ = {
			isa = XCConfigurationList;
			buildConfigurations = (
				5EA2E3CC2056F35B00416A35 /* Debug */,
				5EA2E3CD2056F35B00416A35 /* Release */,
			);
			defaultConfigurationIsVisible = 0;
			defaultConfigurationName = Release;
		};
		5EF2F9AF2054BBF300191409 /* Build configuration list for PBXNativeTarget "BookCore" */ = {
			isa = XCConfigurationList;
			buildConfigurations = (
				5EF2F9B02054BBF300191409 /* Debug */,
				5EF2F9B12054BBF300191409 /* Release */,
			);
			defaultConfigurationIsVisible = 0;
			defaultConfigurationName = Release;
		};
/* End XCConfigurationList section */
	};
	rootObject = 5E2A7ADD204F611300F4E17A /* Project object */;
}
